
Microsoft Visual Studio Solution File, Format Version 12.00
# Visual Studio Version 17
VisualStudioVersion = 17.9.34728.123
MinimumVisualStudioVersion = 10.0.40219.1
Project("{9A19103F-16F7-4668-BE54-9A1E7A4F7556}") = "Arrays.LinearSearch", "Arrays\LinearSearch\Arrays.LinearSearch\Arrays.LinearSearch.csproj", "{7DF16AC8-80E9-403F-9F16-C2BD9E0EE74E}"
EndProject
Project("{9A19103F-16F7-4668-BE54-9A1E7A4F7556}") = "Arrays.BinarySearch", "Arrays\BinarySearch\Arrays.BinarySearch\Arrays.BinarySearch.csproj", "{8A3D0E12-AA67-48E7-83EC-2977C490307F}"
EndProject
Project("{FAE04EC0-301F-11D3-BF4B-00C04F79EFBC}") = "Arrays.InsertInUnsortedArray", "Arrays\InsertInUnsortedArray\Arrays.InsertInUnsortedArray\Arrays.InsertInUnsortedArray.csproj", "{83C53B17-A3B9-4A1B-B8FB-B1C4866A422E}"
EndProject
Global
	GlobalSection(SolutionConfigurationPlatforms) = preSolution
		Debug|Any CPU = Debug|Any CPU
		Release|Any CPU = Release|Any CPU
	EndGlobalSection
	GlobalSection(ProjectConfigurationPlatforms) = postSolution
		{7DF16AC8-80E9-403F-9F16-C2BD9E0EE74E}.Debug|Any CPU.ActiveCfg = Debug|Any CPU
		{7DF16AC8-80E9-403F-9F16-C2BD9E0EE74E}.Debug|Any CPU.Build.0 = Debug|Any CPU
		{7DF16AC8-80E9-403F-9F16-C2BD9E0EE74E}.Release|Any CPU.ActiveCfg = Release|Any CPU
		{7DF16AC8-80E9-403F-9F16-C2BD9E0EE74E}.Release|Any CPU.Build.0 = Release|Any CPU
		{8A3D0E12-AA67-48E7-83EC-2977C490307F}.Debug|Any CPU.ActiveCfg = Debug|Any CPU
		{8A3D0E12-AA67-48E7-83EC-2977C490307F}.Debug|Any CPU.Build.0 = Debug|Any CPU
		{8A3D0E12-AA67-48E7-83EC-2977C490307F}.Release|Any CPU.ActiveCfg = Release|Any CPU
		{8A3D0E12-AA67-48E7-83EC-2977C490307F}.Release|Any CPU.Build.0 = Release|Any CPU
		{83C53B17-A3B9-4A1B-B8FB-B1C4866A422E}.Debug|Any CPU.ActiveCfg = Debug|Any CPU
		{83C53B17-A3B9-4A1B-B8FB-B1C4866A422E}.Debug|Any CPU.Build.0 = Debug|Any CPU
		{83C53B17-A3B9-4A1B-B8FB-B1C4866A422E}.Release|Any CPU.ActiveCfg = Release|Any CPU
		{83C53B17-A3B9-4A1B-B8FB-B1C4866A422E}.Release|Any CPU.Build.0 = Release|Any CPU
	EndGlobalSection
	GlobalSection(SolutionProperties) = preSolution
		HideSolutionNode = FALSE
	EndGlobalSection
	GlobalSection(ExtensibilityGlobals) = postSolution
		SolutionGuid = {900D8FA4-3A39-4CC8-918A-6CD5E77FEA6C}
	EndGlobalSection
EndGlobal
